
Microsoft Visual Studio Solution File, Format Version 12.00
# Visual Studio 15
VisualStudioVersion = 15.0.27130.2027
MinimumVisualStudioVersion = 10.0.40219.1
Project("{FAE04EC0-301F-11D3-BF4B-00C04F79EFBC}") = "WindowsServiceRunningHttpCommands", "WindowsServiceRunningHttpCommands\WindowsServiceRunningHttpCommands.csproj", "{1E78ACAA-030D-4734-9CCC-91965C1A01F3}"
EndProject
Global
	GlobalSection(SolutionConfigurationPlatforms) = preSolution
		Debug|Any CPU = Debug|Any CPU
		Release|Any CPU = Release|Any CPU
	EndGlobalSection
	GlobalSection(ProjectConfigurationPlatforms) = postSolution
		{1E78ACAA-030D-4734-9CCC-91965C1A01F3}.Debug|Any CPU.ActiveCfg = Debug|Any CPU
		{1E78ACAA-030D-4734-9CCC-91965C1A01F3}.Debug|Any CPU.Build.0 = Debug|Any CPU
		{1E78ACAA-030D-4734-9CCC-91965C1A01F3}.Release|Any CPU.ActiveCfg = Release|Any CPU
		{1E78ACAA-030D-4734-9CCC-91965C1A01F3}.Release|Any CPU.Build.0 = Release|Any CPU
	EndGlobalSection
	GlobalSection(SolutionProperties) = preSolution
		HideSolutionNode = FALSE
	EndGlobalSection
	GlobalSection(ExtensibilityGlobals) = postSolution
		SolutionGuid = {80CA6E23-850B-41C3-8243-1E8D543603B2}
	EndGlobalSection
	GlobalSection(TeamFoundationVersionControl) = preSolution
		SccNumberOfProjects = 2
		SccEnterpriseProvider = {4CA58AB2-18FA-4F8D-95D4-32DDF27D184C}
		SccTeamFoundationServer = http://tfsapp:8080/tfs/ladpc
		SccLocalPath0 = .
		SccProjectUniqueName1 = WindowsServiceRunningHttpCommands\\WindowsServiceRunningHttpCommands.csproj
		SccProjectName1 = WindowsServiceRunningHttpCommands
		SccLocalPath1 = WindowsServiceRunningHttpCommands
	EndGlobalSection
EndGlobal
